
Microsoft Visual Studio Solution File, Format Version 12.00
# Visual Studio Version 16
VisualStudioVersion = 16.0.31515.178
MinimumVisualStudioVersion = 10.0.40219.1
Project("{FAE04EC0-301F-11D3-BF4B-00C04F79EFBC}") = "BlenderXYZ", "BlenderXYZ.csproj", "{A1E5DDC1-FF9F-4525-BAC6-7696F2928DA9}"
EndProject
Global
	GlobalSection(SolutionConfigurationPlatforms) = preSolution
		Debug|Any CPU = Debug|Any CPU
		Release|Any CPU = Release|Any CPU
	EndGlobalSection
	GlobalSection(ProjectConfigurationPlatforms) = postSolution
		{A1E5DDC1-FF9F-4525-BAC6-7696F2928DA9}.Debug|Any CPU.ActiveCfg = Debug|Any CPU
		{A1E5DDC1-FF9F-4525-BAC6-7696F2928DA9}.Debug|Any CPU.Build.0 = Debug|Any CPU
		{A1E5DDC1-FF9F-4525-BAC6-7696F2928DA9}.Release|Any CPU.ActiveCfg = Release|Any CPU
		{A1E5DDC1-FF9F-4525-BAC6-7696F2928DA9}.Release|Any CPU.Build.0 = Release|Any CPU
	EndGlobalSection
	GlobalSection(SolutionProperties) = preSolution
		HideSolutionNode = FALSE
	EndGlobalSection
	GlobalSection(ExtensibilityGlobals) = postSolution
		SolutionGuid = {39E9EC62-70C5-486C-80D3-F065D5005D03}
	EndGlobalSection
EndGlobal
